
Microsoft Visual Studio Solution File, Format Version 12.00
# Visual Studio Version 17
VisualStudioVersion = 17.9.34622.214
MinimumVisualStudioVersion = 10.0.40219.1
Project("{9A19103F-16F7-4668-BE54-9A1E7A4F7556}") = "LibreriaProgramacionWeb", "LIbreriaProgramacionWeb\LibreriaProgramacionWeb.csproj", "{C985DAA8-CBF4-4E7D-AC59-FA5176780BB1}"
EndProject
Global
	GlobalSection(SolutionConfigurationPlatforms) = preSolution
		Debug|Any CPU = Debug|Any CPU
		Release|Any CPU = Release|Any CPU
	EndGlobalSection
	GlobalSection(ProjectConfigurationPlatforms) = postSolution
		{C985DAA8-CBF4-4E7D-AC59-FA5176780BB1}.Debug|Any CPU.ActiveCfg = Debug|Any CPU
		{C985DAA8-CBF4-4E7D-AC59-FA5176780BB1}.Debug|Any CPU.Build.0 = Debug|Any CPU
		{C985DAA8-CBF4-4E7D-AC59-FA5176780BB1}.Release|Any CPU.ActiveCfg = Release|Any CPU
		{C985DAA8-CBF4-4E7D-AC59-FA5176780BB1}.Release|Any CPU.Build.0 = Release|Any CPU
	EndGlobalSection
	GlobalSection(SolutionProperties) = preSolution
		HideSolutionNode = FALSE
	EndGlobalSection
	GlobalSection(ExtensibilityGlobals) = postSolution
		SolutionGuid = {F209FBB5-BFBC-4C08-B162-A0143F075477}
	EndGlobalSection
EndGlobal
